
Microsoft Visual Studio Solution File, Format Version 12.00
# Visual Studio Version 16
VisualStudioVersion = 16.0.31129.286
MinimumVisualStudioVersion = 10.0.40219.1
Project("{9A19103F-16F7-4668-BE54-9A1E7A4F7556}") = "Domain", "Domain\Domain.csproj", "{B34C4381-FDD2-433D-ABDF-6B88CDFF35FC}"
EndProject
Project("{9A19103F-16F7-4668-BE54-9A1E7A4F7556}") = "DataAccess", "DataAccess\DataAccess.csproj", "{587B71CE-4BED-42FE-BE16-876B4BD3A890}"
EndProject
Project("{9A19103F-16F7-4668-BE54-9A1E7A4F7556}") = "Controllers", "Controllers\Controllers.csproj", "{7C17E9F8-FB28-4027-9C4F-C9C76412233F}"
EndProject
Project("{9A19103F-16F7-4668-BE54-9A1E7A4F7556}") = "UI", "UI\UI.csproj", "{0F4358AB-CE37-464C-9DA6-072DEECE550B}"
EndProject
Project("{FAE04EC0-301F-11D3-BF4B-00C04F79EFBC}") = "TestProjectForOrderManagement", "TestProjectForOrderManagement\TestProjectForOrderManagement.csproj", "{593923C9-C36D-410A-AE04-06B065D85D23}"
EndProject
Global
	GlobalSection(SolutionConfigurationPlatforms) = preSolution
		Debug|Any CPU = Debug|Any CPU
		Release|Any CPU = Release|Any CPU
	EndGlobalSection
	GlobalSection(ProjectConfigurationPlatforms) = postSolution
		{B34C4381-FDD2-433D-ABDF-6B88CDFF35FC}.Debug|Any CPU.ActiveCfg = Debug|Any CPU
		{B34C4381-FDD2-433D-ABDF-6B88CDFF35FC}.Debug|Any CPU.Build.0 = Debug|Any CPU
		{B34C4381-FDD2-433D-ABDF-6B88CDFF35FC}.Release|Any CPU.ActiveCfg = Release|Any CPU
		{B34C4381-FDD2-433D-ABDF-6B88CDFF35FC}.Release|Any CPU.Build.0 = Release|Any CPU
		{587B71CE-4BED-42FE-BE16-876B4BD3A890}.Debug|Any CPU.ActiveCfg = Debug|Any CPU
		{587B71CE-4BED-42FE-BE16-876B4BD3A890}.Debug|Any CPU.Build.0 = Debug|Any CPU
		{587B71CE-4BED-42FE-BE16-876B4BD3A890}.Release|Any CPU.ActiveCfg = Release|Any CPU
		{587B71CE-4BED-42FE-BE16-876B4BD3A890}.Release|Any CPU.Build.0 = Release|Any CPU
		{7C17E9F8-FB28-4027-9C4F-C9C76412233F}.Debug|Any CPU.ActiveCfg = Debug|Any CPU
		{7C17E9F8-FB28-4027-9C4F-C9C76412233F}.Debug|Any CPU.Build.0 = Debug|Any CPU
		{7C17E9F8-FB28-4027-9C4F-C9C76412233F}.Release|Any CPU.ActiveCfg = Release|Any CPU
		{7C17E9F8-FB28-4027-9C4F-C9C76412233F}.Release|Any CPU.Build.0 = Release|Any CPU
		{0F4358AB-CE37-464C-9DA6-072DEECE550B}.Debug|Any CPU.ActiveCfg = Debug|Any CPU
		{0F4358AB-CE37-464C-9DA6-072DEECE550B}.Debug|Any CPU.Build.0 = Debug|Any CPU
		{0F4358AB-CE37-464C-9DA6-072DEECE550B}.Release|Any CPU.ActiveCfg = Release|Any CPU
		{0F4358AB-CE37-464C-9DA6-072DEECE550B}.Release|Any CPU.Build.0 = Release|Any CPU
		{593923C9-C36D-410A-AE04-06B065D85D23}.Debug|Any CPU.ActiveCfg = Debug|Any CPU
		{593923C9-C36D-410A-AE04-06B065D85D23}.Debug|Any CPU.Build.0 = Debug|Any CPU
		{593923C9-C36D-410A-AE04-06B065D85D23}.Release|Any CPU.ActiveCfg = Release|Any CPU
		{593923C9-C36D-410A-AE04-06B065D85D23}.Release|Any CPU.Build.0 = Release|Any CPU
	EndGlobalSection
	GlobalSection(SolutionProperties) = preSolution
		HideSolutionNode = FALSE
	EndGlobalSection
	GlobalSection(ExtensibilityGlobals) = postSolution
		SolutionGuid = {2830DF44-8256-45AB-8206-1AE759CE644A}
	EndGlobalSection
EndGlobal
